{
  "object": {
    "pins": [
      {
        "package": "Console",
        "repositoryURL": "https://github.com/vapor/console-kit",
        "state": {
          "branch": null,
          "revision": "74cfbea629d4aac34a97cead2447a6870af1950b",
          "version": "3.1.1"
        }
      },
      {
        "package": "Core",
        "repositoryURL": "https://github.com/vapor/core.git",
        "state": {
          "branch": null,
          "revision": "c64f63cb21631010952f7abfef719d376ab6a441",
          "version": "3.9.1"
        }
      },
      {
        "package": "Math",
        "repositoryURL": "https://github.com/dn-m/Math",
        "state": {
          "branch": null,
          "revision": "0bf8de5d353b7b7957cb2231395f6818bc575b47",
          "version": "0.7.1"
        }
      },
      {
        "package": "Music",
        "repositoryURL": "https://github.com/dn-m/Music",
        "state": {
          "branch": null,
          "revision": "db4313f1954f1cc2c6bb0d4a0e2a2e5eec3d013b",
          "version": "0.15.0"
        }
      },
      {
        "package": "NotationModel",
        "repositoryURL": "https://github.com/dn-m/NotationModel",
        "state": {
          "branch": null,
          "revision": "7050b4c8e80c48f758f1e808fcd02712a2085339",
          "version": "0.8.0"
        }
      },
      {
        "package": "PerformanceTesting",
        "repositoryURL": "https://github.com/dn-m/PerformanceTesting",
        "state": {
          "branch": null,
          "revision": "7c73a60c4b69b981ac3dd4015cc26cea0e45c8c7",
          "version": "0.4.0"
        }
      },
      {
        "package": "Service",
        "repositoryURL": "https://github.com/vapor/service.git",
        "state": {
          "branch": null,
          "revision": "fa5b5de62bd68bcde9a69933f31319e46c7275fb",
          "version": "1.0.2"
        }
      },
      {
        "package": "Structure",
        "repositoryURL": "https://github.com/dn-m/Structure",
        "state": {
          "branch": null,
          "revision": "d2f9eaa00b47888a684c9a91836501fd7ea7e141",
          "version": "0.24.0"
        }
      },
      {
        "package": "swift-nio",
        "repositoryURL": "https://github.com/apple/swift-nio.git",
        "state": {
          "branch": null,
          "revision": "ba7970fe396e8198b84c6c1b44b38a1d4e2eb6bd",
          "version": "1.14.1"
        }
      },
      {
        "package": "swift-nio-zlib-support",
        "repositoryURL": "https://github.com/apple/swift-nio-zlib-support.git",
        "state": {
          "branch": null,
          "revision": "37760e9a52030bb9011972c5213c3350fa9d41fd",
          "version": "1.0.0"
        }
      }
    ]
  },
  "version": 1
}
