{
  "object": {
    "pins": [
      {
        "package": "console-kit",
        "repositoryURL": "https://github.com/jsbean/console-kit",
        "state": {
          "branch": "master",
          "revision": "33dad2ed56196bf999ad10d433d34ee16c0ec9d2",
          "version": null
        }
      },
      {
        "package": "Math",
        "repositoryURL": "https://github.com/dn-m/Math",
        "state": {
          "branch": null,
          "revision": "0bf8de5d353b7b7957cb2231395f6818bc575b47",
          "version": "0.7.1"
        }
      },
      {
        "package": "Music",
        "repositoryURL": "https://github.com/dn-m/Music",
        "state": {
          "branch": null,
          "revision": "db4313f1954f1cc2c6bb0d4a0e2a2e5eec3d013b",
          "version": "0.15.0"
        }
      },
      {
        "package": "NotationModel",
        "repositoryURL": "https://github.com/dn-m/NotationModel",
        "state": {
          "branch": null,
          "revision": "7050b4c8e80c48f758f1e808fcd02712a2085339",
          "version": "0.8.0"
        }
      },
      {
        "package": "PerformanceTesting",
        "repositoryURL": "https://github.com/dn-m/PerformanceTesting",
        "state": {
          "branch": null,
          "revision": "7c73a60c4b69b981ac3dd4015cc26cea0e45c8c7",
          "version": "0.4.0"
        }
      },
      {
        "package": "Structure",
        "repositoryURL": "https://github.com/dn-m/Structure",
        "state": {
          "branch": null,
          "revision": "d2f9eaa00b47888a684c9a91836501fd7ea7e141",
          "version": "0.24.0"
        }
      },
      {
        "package": "swift-log",
        "repositoryURL": "https://github.com/apple/swift-log.git",
        "state": {
          "branch": null,
          "revision": "f4240bf022a69815241a883c03645444b58ac553",
          "version": "1.1.0"
        }
      }
    ]
  },
  "version": 1
}
